# This file is autogenerated, do not edit; changes may be undone by the next 'dep ensure'.


[[projects]]
  digest = "1:573fa46f8d413d4bc3f7cc5e86b2c43cb21559f4fb0a19d9874d228e28fdc07c"
  name = "github.com/PuerkitoBio/goquery"
  packages = ["."]
  pruneopts = "UT"
  revision = "2d2796f41742ece03e8086188fa4db16a3a0b458"
  version = "v1.5.0"

[[projects]]
  digest = "1:66b3310cf22cdc96c35ef84ede4f7b9b370971c4025f394c89a2638729653b11"
  name = "github.com/andybalholm/cascadia"
  packages = ["."]
  pruneopts = "UT"
  revision = "901648c87902174f774fac311d7f176f8647bdaa"
  version = "v1.0.0"

[[projects]]
  digest = "1:c1100fc71e23b6a32b2c68a5202a848fd13811d5a10b12edb8019c3667d1cd9a"
  name = "github.com/cenkalti/backoff"
  packages = ["."]
  pruneopts = "UT"
  revision = "4b4cebaf850ec58f1bb1fec5bdebdf8501c2bc3f"
  version = "v3.0.0"

[[projects]]
  digest = "1:573ca21d3669500ff845bdebee890eb7fc7f0f50c59f2132f2a0c6b03d85086a"
  name = "github.com/golang/protobuf"
  packages = ["proto"]
  pruneopts = "UT"
  revision = "6c65a5562fc06764971b7c5d05c76c75e84bdbf7"
  version = "v1.3.2"

[[projects]]
  branch = "master"
  digest = "1:364b908b9b27b97ab838f2f6f1b1f46281fa29b978a037d72a9b1d4f6d940190"
  name = "github.com/hailocab/go-hostpool"
  packages = ["."]
  pruneopts = "UT"
  revision = "e80d13ce29ede4452c43dea11e79b9bc8a15b478"

[[projects]]
  digest = "1:845f86e5713f02a34145d0d775fa5737f1b1f5399c39bc403189aa3b767a6876"
  name = "github.com/headzoo/surf"
  packages = [
    ".",
    "agent",
    "browser",
    "errors",
    "jar",
    "util",
  ]
  pruneopts = "UT"
  revision = "60198774ccce43e1d26c80e961497b7d262460b3"
  version = "v1.0.0"

[[projects]]
  digest = "1:31e761d97c76151dde79e9d28964a812c46efc5baee4085b86f68f0c654450de"
  name = "github.com/konsorten/go-windows-terminal-sequences"
  packages = ["."]
  pruneopts = "UT"
  revision = "f55edac94c9bbba5d6182a4be46d86a2c9b5b50e"
  version = "v1.0.2"

[[projects]]
  digest = "1:11e62d6050198055e6cd87ed57e5d8c669e84f839c16e16f192374d913d1a70d"
  name = "github.com/opentracing/opentracing-go"
  packages = [
    ".",
    "ext",
    "log",
  ]
  pruneopts = "UT"
  revision = "659c90643e714681897ec2521c60567dd21da733"
  version = "v1.1.0"

[[projects]]
  digest = "1:cf31692c14422fa27c83a05292eb5cbe0fb2775972e8f1f8446a71549bd8980b"
  name = "github.com/pkg/errors"
  packages = ["."]
  pruneopts = "UT"
  revision = "ba968bfe8b2f7e042a574c888954fccecfa385b4"
  version = "v0.8.1"

[[projects]]
  digest = "1:04457f9f6f3ffc5fea48e71d62f2ca256637dee0a04d710288e27e05c8b41976"
  name = "github.com/sirupsen/logrus"
  packages = ["."]
  pruneopts = "UT"
  revision = "839c75faf7f98a33d445d181f3018b5c3409a45e"
  version = "v1.4.2"

[[projects]]
  branch = "master"
  digest = "1:f92f6956e4059f6a3efc14924d2dd58ba90da25cc57fe07ae3779ef2f5e0c5f2"
  name = "golang.org/x/crypto"
  packages = ["pbkdf2"]
  pruneopts = "UT"
  revision = "4def268fd1a49955bfb3dda92fe3db4f924f2285"

[[projects]]
  branch = "master"
  digest = "1:2d075baa34f39b17aebff47dd226fc4ef766d8df7a49103e37c3f4436f22e6c1"
  name = "golang.org/x/net"
  packages = [
    "context",
    "html",
    "html/atom",
  ]
  pruneopts = "UT"
  revision = "ca1201d0de80cfde86cb01aea620983605dfe99b"

[[projects]]
  branch = "master"
  digest = "1:ec99dad7924bf972656818f5d62216fb987b7e077d401deb86b3c1e5e1b1d4d6"
  name = "golang.org/x/sys"
  packages = ["unix"]
  pruneopts = "UT"
  revision = "fc99dfbffb4e5ed5758a37e31dd861afe285406b"

[[projects]]
  digest = "1:546db0bd0542751aff1e75052dd1fa0b0a1cee681d43bfa9ffac7c22714c1070"
  name = "gopkg.in/fatih/pool.v2"
  packages = ["."]
  pruneopts = "UT"
  revision = "010e0b745d12eaf8426c95f9c3924d81dd0b668f"
  version = "v2.0.0"

[[projects]]
  digest = "1:33adbd93ddd4d7c554ba8568aa5094d5b93086dc14644ca01cb19a1c20aeae8b"
  name = "gopkg.in/rethinkdb/rethinkdb-go.v5"
  packages = [
    ".",
    "encoding",
    "ql2",
    "types",
  ]
  pruneopts = "UT"
  revision = "442075482543497ce5f159d3dea451dc43bd1c0a"
  version = "v5.0.1"

[solve-meta]
  analyzer-name = "dep"
  analyzer-version = 1
  input-imports = [
    "github.com/PuerkitoBio/goquery",
    "github.com/headzoo/surf",
    "github.com/headzoo/surf/agent",
    "github.com/headzoo/surf/browser",
    "github.com/pkg/errors",
    "gopkg.in/rethinkdb/rethinkdb-go.v5",
  ]
  solver-name = "gps-cdcl"
  solver-version = 1
